
Microsoft Visual Studio Solution File, Format Version 12.00
Project("{FAE04EC0-301F-11D3-BF4B-00C04F79EFBC}") = "Algorithms", "Algorithms\Algorithms.csproj", "{C3A1ED47-5951-4CE5-9FC6-C41AA374AF7B}"
EndProject
Project("{FAE04EC0-301F-11D3-BF4B-00C04F79EFBC}") = "Tests", "Tests\Tests.csproj", "{904EC337-807A-4BB9-85F6-03AA3191A076}"
EndProject
Project("{FAE04EC0-301F-11D3-BF4B-00C04F79EFBC}") = "DataStructures", "DataStructures\DataStructures.csproj", "{07C77D34-A051-498A-A005-EABACCFC12A3}"
EndProject
Global
	GlobalSection(SolutionConfigurationPlatforms) = preSolution
		Debug|Any CPU = Debug|Any CPU
		Release|Any CPU = Release|Any CPU
	EndGlobalSection
	GlobalSection(ProjectConfigurationPlatforms) = postSolution
		{C3A1ED47-5951-4CE5-9FC6-C41AA374AF7B}.Debug|Any CPU.ActiveCfg = Debug|Any CPU
		{C3A1ED47-5951-4CE5-9FC6-C41AA374AF7B}.Debug|Any CPU.Build.0 = Debug|Any CPU
		{C3A1ED47-5951-4CE5-9FC6-C41AA374AF7B}.Release|Any CPU.ActiveCfg = Release|Any CPU
		{C3A1ED47-5951-4CE5-9FC6-C41AA374AF7B}.Release|Any CPU.Build.0 = Release|Any CPU
		{904EC337-807A-4BB9-85F6-03AA3191A076}.Debug|Any CPU.ActiveCfg = Debug|Any CPU
		{904EC337-807A-4BB9-85F6-03AA3191A076}.Debug|Any CPU.Build.0 = Debug|Any CPU
		{904EC337-807A-4BB9-85F6-03AA3191A076}.Release|Any CPU.ActiveCfg = Release|Any CPU
		{904EC337-807A-4BB9-85F6-03AA3191A076}.Release|Any CPU.Build.0 = Release|Any CPU
		{07C77D34-A051-498A-A005-EABACCFC12A3}.Debug|Any CPU.ActiveCfg = Debug|Any CPU
		{07C77D34-A051-498A-A005-EABACCFC12A3}.Debug|Any CPU.Build.0 = Debug|Any CPU
		{07C77D34-A051-498A-A005-EABACCFC12A3}.Release|Any CPU.ActiveCfg = Release|Any CPU
		{07C77D34-A051-498A-A005-EABACCFC12A3}.Release|Any CPU.Build.0 = Release|Any CPU
	EndGlobalSection
EndGlobal
